
Microsoft Visual Studio Solution File, Format Version 12.00
# Visual Studio Version 17
VisualStudioVersion = 17.13.35825.156 d17.13
MinimumVisualStudioVersion = 10.0.40219.1
Project("{FAE04EC0-301F-11D3-BF4B-00C04F79EFBC}") = "Globomantics.Web", "Globomantics.Web\Globomantics.Web.csproj", "{D224543D-B7DB-46F5-BBA5-06EE00527459}"
EndProject
Project("{FAE04EC0-301F-11D3-BF4B-00C04F79EFBC}") = "Globomantics.Domain", "Globomantics.Domain\Globomantics.Domain.csproj", "{D8FBC3D5-01BB-4EA7-B40C-2B827F58E203}"
EndProject
Project("{FAE04EC0-301F-11D3-BF4B-00C04F79EFBC}") = "Globomantics.Infrastructure", "Globomantics.Infrastructure\Globomantics.Infrastructure.csproj", "{A4E06DD5-F8CD-4D2A-8902-9EF90D1B78BC}"
EndProject
Project("{FAE04EC0-301F-11D3-BF4B-00C04F79EFBC}") = "Globomantics.Web.Tests", "Globomantics.Web.Tests\Globomantics.Web.Tests.csproj", "{F03BBAE6-3B4B-457B-8123-496AE95EB18E}"
EndProject
Global
	GlobalSection(SolutionConfigurationPlatforms) = preSolution
		Debug|Any CPU = Debug|Any CPU
		Release|Any CPU = Release|Any CPU
	EndGlobalSection
	GlobalSection(ProjectConfigurationPlatforms) = postSolution
		{D224543D-B7DB-46F5-BBA5-06EE00527459}.Debug|Any CPU.ActiveCfg = Debug|Any CPU
		{D224543D-B7DB-46F5-BBA5-06EE00527459}.Debug|Any CPU.Build.0 = Debug|Any CPU
		{D224543D-B7DB-46F5-BBA5-06EE00527459}.Release|Any CPU.ActiveCfg = Release|Any CPU
		{D224543D-B7DB-46F5-BBA5-06EE00527459}.Release|Any CPU.Build.0 = Release|Any CPU
		{D8FBC3D5-01BB-4EA7-B40C-2B827F58E203}.Debug|Any CPU.ActiveCfg = Debug|Any CPU
		{D8FBC3D5-01BB-4EA7-B40C-2B827F58E203}.Debug|Any CPU.Build.0 = Debug|Any CPU
		{D8FBC3D5-01BB-4EA7-B40C-2B827F58E203}.Release|Any CPU.ActiveCfg = Release|Any CPU
		{D8FBC3D5-01BB-4EA7-B40C-2B827F58E203}.Release|Any CPU.Build.0 = Release|Any CPU
		{A4E06DD5-F8CD-4D2A-8902-9EF90D1B78BC}.Debug|Any CPU.ActiveCfg = Debug|Any CPU
		{A4E06DD5-F8CD-4D2A-8902-9EF90D1B78BC}.Debug|Any CPU.Build.0 = Debug|Any CPU
		{A4E06DD5-F8CD-4D2A-8902-9EF90D1B78BC}.Release|Any CPU.ActiveCfg = Release|Any CPU
		{A4E06DD5-F8CD-4D2A-8902-9EF90D1B78BC}.Release|Any CPU.Build.0 = Release|Any CPU
		{F03BBAE6-3B4B-457B-8123-496AE95EB18E}.Debug|Any CPU.ActiveCfg = Debug|Any CPU
		{F03BBAE6-3B4B-457B-8123-496AE95EB18E}.Debug|Any CPU.Build.0 = Debug|Any CPU
		{F03BBAE6-3B4B-457B-8123-496AE95EB18E}.Release|Any CPU.ActiveCfg = Release|Any CPU
		{F03BBAE6-3B4B-457B-8123-496AE95EB18E}.Release|Any CPU.Build.0 = Release|Any CPU
	EndGlobalSection
	GlobalSection(SolutionProperties) = preSolution
		HideSolutionNode = FALSE
	EndGlobalSection
	GlobalSection(ExtensibilityGlobals) = postSolution
		SolutionGuid = {1573CEBA-9A13-49A3-A3B1-CB52A3CB86B6}
	EndGlobalSection
EndGlobal
